
Microsoft Visual Studio Solution File, Format Version 12.00
# Visual Studio 15
VisualStudioVersion = 15.0.27004.2005
MinimumVisualStudioVersion = 10.0.40219.1
Project("{FAE04EC0-301F-11D3-BF4B-00C04F79EFBC}") = "CalBot", "ImpBot\CalBot.csproj", "{D30AC98E-AA8F-48B2-A09E-62DF65C41CA3}"
EndProject
Global
	GlobalSection(SolutionConfigurationPlatforms) = preSolution
		Debug|Any CPU = Debug|Any CPU
		Release|Any CPU = Release|Any CPU
	EndGlobalSection
	GlobalSection(ProjectConfigurationPlatforms) = postSolution
		{D30AC98E-AA8F-48B2-A09E-62DF65C41CA3}.Debug|Any CPU.ActiveCfg = Debug|Any CPU
		{D30AC98E-AA8F-48B2-A09E-62DF65C41CA3}.Debug|Any CPU.Build.0 = Debug|Any CPU
		{D30AC98E-AA8F-48B2-A09E-62DF65C41CA3}.Release|Any CPU.ActiveCfg = Release|Any CPU
		{D30AC98E-AA8F-48B2-A09E-62DF65C41CA3}.Release|Any CPU.Build.0 = Release|Any CPU
	EndGlobalSection
	GlobalSection(SolutionProperties) = preSolution
		HideSolutionNode = FALSE
	EndGlobalSection
	GlobalSection(ExtensibilityGlobals) = postSolution
		SolutionGuid = {6EFD17D1-320C-4699-94E7-249E274C25F6}
	EndGlobalSection
EndGlobal
